# This file was autogenerated by Stack.
# You should not edit this file by hand.
# For more information, please see the documentation at:
#   https://docs.haskellstack.org/en/stable/lock_files

packages: []
snapshots:
- completed:
    size: 537200
    url: https://raw.githubusercontent.com/commercialhaskell/stackage-snapshots/master/lts/9/20.yaml
    sha256: 09915c1686a7b7b8c8d3b77d90892f559ebcd495a159548c0a6507e827f628fb
  original: lts-9.20
